
Microsoft Visual Studio Solution File, Format Version 12.00
# Visual Studio Version 17
VisualStudioVersion = 17.6.33829.357
MinimumVisualStudioVersion = 10.0.40219.1
Project("{9A19103F-16F7-4668-BE54-9A1E7A4F7556}") = "TootNet", "TootNet\TootNet.csproj", "{94535547-BCE1-4952-9BBF-3DBB35DF62D2}"
EndProject
Project("{9A19103F-16F7-4668-BE54-9A1E7A4F7556}") = "TootNet.Tests", "TootNet.Tests\TootNet.Tests.csproj", "{F39D4179-3DEA-43E8-9629-967A5777BAA8}"
EndProject
Project("{888888A0-9F3D-457C-B088-3A5042F75D52}") = "TootNet.Generator", "TootNet.Generator\TootNet.Generator.pyproj", "{D49CE41B-B135-4F09-A3C8-EF10CC287910}"
EndProject
Global
	GlobalSection(SolutionConfigurationPlatforms) = preSolution
		Debug|Any CPU = Debug|Any CPU
		Release|Any CPU = Release|Any CPU
	EndGlobalSection
	GlobalSection(ProjectConfigurationPlatforms) = postSolution
		{94535547-BCE1-4952-9BBF-3DBB35DF62D2}.Debug|Any CPU.ActiveCfg = Debug|Any CPU
		{94535547-BCE1-4952-9BBF-3DBB35DF62D2}.Debug|Any CPU.Build.0 = Debug|Any CPU
		{94535547-BCE1-4952-9BBF-3DBB35DF62D2}.Release|Any CPU.ActiveCfg = Release|Any CPU
		{94535547-BCE1-4952-9BBF-3DBB35DF62D2}.Release|Any CPU.Build.0 = Release|Any CPU
		{F39D4179-3DEA-43E8-9629-967A5777BAA8}.Debug|Any CPU.ActiveCfg = Debug|Any CPU
		{F39D4179-3DEA-43E8-9629-967A5777BAA8}.Debug|Any CPU.Build.0 = Debug|Any CPU
		{F39D4179-3DEA-43E8-9629-967A5777BAA8}.Release|Any CPU.ActiveCfg = Release|Any CPU
		{F39D4179-3DEA-43E8-9629-967A5777BAA8}.Release|Any CPU.Build.0 = Release|Any CPU
		{D49CE41B-B135-4F09-A3C8-EF10CC287910}.Debug|Any CPU.ActiveCfg = Debug|Any CPU
		{D49CE41B-B135-4F09-A3C8-EF10CC287910}.Release|Any CPU.ActiveCfg = Release|Any CPU
	EndGlobalSection
	GlobalSection(SolutionProperties) = preSolution
		HideSolutionNode = FALSE
	EndGlobalSection
	GlobalSection(ExtensibilityGlobals) = postSolution
		SolutionGuid = {A80C607D-5282-4DDF-9DEA-8B1B166651DB}
	EndGlobalSection
EndGlobal
