
Microsoft Visual Studio Solution File, Format Version 12.00
# Visual Studio Version 17
VisualStudioVersion = 17.8.34408.163
MinimumVisualStudioVersion = 10.0.40219.1
Project("{FAE04EC0-301F-11D3-BF4B-00C04F79EFBC}") = "TootNet.Demo", "TootNet.Demo\TootNet.Demo.csproj", "{91B26D8D-5B66-4682-A693-23D807D48AD6}"
EndProject
Global
	GlobalSection(SolutionConfigurationPlatforms) = preSolution
		Debug|Any CPU = Debug|Any CPU
		Release|Any CPU = Release|Any CPU
	EndGlobalSection
	GlobalSection(ProjectConfigurationPlatforms) = postSolution
		{91B26D8D-5B66-4682-A693-23D807D48AD6}.Debug|Any CPU.ActiveCfg = Debug|Any CPU
		{91B26D8D-5B66-4682-A693-23D807D48AD6}.Debug|Any CPU.Build.0 = Debug|Any CPU
		{91B26D8D-5B66-4682-A693-23D807D48AD6}.Release|Any CPU.ActiveCfg = Release|Any CPU
		{91B26D8D-5B66-4682-A693-23D807D48AD6}.Release|Any CPU.Build.0 = Release|Any CPU
	EndGlobalSection
	GlobalSection(SolutionProperties) = preSolution
		HideSolutionNode = FALSE
	EndGlobalSection
	GlobalSection(ExtensibilityGlobals) = postSolution
		SolutionGuid = {A395C0C0-4DEF-407D-A403-73AD14E22F74}
	EndGlobalSection
EndGlobal
